// !$*UTF8*$!
{
	archiveVersion = 1;
	classes = {
	};
	objectVersion = 55;
	objects = {

/* Begin PBXBuildFile section */
		810B29D728A22B7D00E6FFE8 /* MovieCardView.xib in Resources */ = {isa = PBXBuildFile; fileRef = 810B29D628A22B7D00E6FFE8 /* MovieCardView.xib */; };
		812EC5C228A679AD0064A3DB /* SearchNameViewController.swift in Sources */ = {isa = PBXBuildFile; fileRef = 812EC5C128A679AD0064A3DB /* SearchNameViewController.swift */; };
		813B797E289CECF300AC6BAD /* WebViewController.swift in Sources */ = {isa = PBXBuildFile; fileRef = 813B797D289CECF300AC6BAD /* WebViewController.swift */; };
		813B7980289CED0900AC6BAD /* WebView.storyboard in Resources */ = {isa = PBXBuildFile; fileRef = 813B797F289CED0900AC6BAD /* WebView.storyboard */; };
		81933ECA28AB648A001C0C48 /* TmdbFrameWork.framework in Frameworks */ = {isa = PBXBuildFile; fileRef = 81933EC628AB6473001C0C48 /* TmdbFrameWork.framework */; };
		81933ECB28AB648A001C0C48 /* TmdbFrameWork.framework in Embed Frameworks */ = {isa = PBXBuildFile; fileRef = 81933EC628AB6473001C0C48 /* TmdbFrameWork.framework */; settings = {ATTRIBUTES = (CodeSignOnCopy, RemoveHeadersOnCopy, ); }; };
		81933ED728AB6D64001C0C48 /* Intro.storyboard in Resources */ = {isa = PBXBuildFile; fileRef = 81933ED628AB6D64001C0C48 /* Intro.storyboard */; };
		81933EDA28AB6DDC001C0C48 /* IntroViewController.swift in Sources */ = {isa = PBXBuildFile; fileRef = 81933ED928AB6DDC001C0C48 /* IntroViewController.swift */; };
		81933EDC28AB6DED001C0C48 /* FirstViewController.swift in Sources */ = {isa = PBXBuildFile; fileRef = 81933EDB28AB6DED001C0C48 /* FirstViewController.swift */; };
		81933EDE28AB6DF5001C0C48 /* SecondViewController.swift in Sources */ = {isa = PBXBuildFile; fileRef = 81933EDD28AB6DF5001C0C48 /* SecondViewController.swift */; };
		81933EE028AB6DFE001C0C48 /* ThirdViewController.swift in Sources */ = {isa = PBXBuildFile; fileRef = 81933EDF28AB6DFE001C0C48 /* ThirdViewController.swift */; };
		8199472828A4CD95001729B9 /* TheaterMap.storyboard in Resources */ = {isa = PBXBuildFile; fileRef = 8199472728A4CD95001729B9 /* TheaterMap.storyboard */; };
		8199472A28A4CDA5001729B9 /* TheaterMapViewController.swift in Sources */ = {isa = PBXBuildFile; fileRef = 8199472928A4CDA5001729B9 /* TheaterMapViewController.swift */; };
		8199472C28A4CF4A001729B9 /* MapStruct.swift in Sources */ = {isa = PBXBuildFile; fileRef = 8199472B28A4CF4A001729B9 /* MapStruct.swift */; };
		8199472E28A51FD3001729B9 /* MapViewController.swift in Sources */ = {isa = PBXBuildFile; fileRef = 8199472D28A51FD3001729B9 /* MapViewController.swift */; };
		8199870A289B936E00B01C42 /* CastViewController.swift in Sources */ = {isa = PBXBuildFile; fileRef = 81998709289B936E00B01C42 /* CastViewController.swift */; };
		8199870C289B996000B01C42 /* Cast.storyboard in Resources */ = {isa = PBXBuildFile; fileRef = 8199870B289B996000B01C42 /* Cast.storyboard */; };
		8199870E289B9B4F00B01C42 /* CastTableViewCell.swift in Sources */ = {isa = PBXBuildFile; fileRef = 8199870D289B9B4F00B01C42 /* CastTableViewCell.swift */; };
		81998710289BA27100B01C42 /* CastInfo.swift in Sources */ = {isa = PBXBuildFile; fileRef = 8199870F289BA27100B01C42 /* CastInfo.swift */; };
		81998713289BA2AF00B01C42 /* JGProgressHUD in Frameworks */ = {isa = PBXBuildFile; productRef = 81998712289BA2AF00B01C42 /* JGProgressHUD */; };
		81998718289BAEAF00B01C42 /* OverviewTableViewCell.swift in Sources */ = {isa = PBXBuildFile; fileRef = 81998716289BAEAF00B01C42 /* OverviewTableViewCell.swift */; };
		81998719289BAEAF00B01C42 /* OverviewTableViewCell.xib in Resources */ = {isa = PBXBuildFile; fileRef = 81998717289BAEAF00B01C42 /* OverviewTableViewCell.xib */; };
		8199871C289BAF9C00B01C42 /* CastMemberTableViewCell.swift in Sources */ = {isa = PBXBuildFile; fileRef = 8199871A289BAF9B00B01C42 /* CastMemberTableViewCell.swift */; };
		8199871D289BAF9C00B01C42 /* CastMemberTableViewCell.xib in Resources */ = {isa = PBXBuildFile; fileRef = 8199871B289BAF9C00B01C42 /* CastMemberTableViewCell.xib */; };
		81999E32289A3FB800A1C4EB /* TmdbCollectionViewCell.swift in Sources */ = {isa = PBXBuildFile; fileRef = 81999E31289A3FB800A1C4EB /* TmdbCollectionViewCell.swift */; };
		81999E34289A3FD700A1C4EB /* TmdbViewController.swift in Sources */ = {isa = PBXBuildFile; fileRef = 81999E33289A3FD700A1C4EB /* TmdbViewController.swift */; };
		81999E36289A3FDF00A1C4EB /* Tmdb.storyboard in Resources */ = {isa = PBXBuildFile; fileRef = 81999E35289A3FDF00A1C4EB /* Tmdb.storyboard */; };
		81999E39289A53CE00A1C4EB /* Alamofire in Frameworks */ = {isa = PBXBuildFile; productRef = 81999E38289A53CE00A1C4EB /* Alamofire */; };
		81999E3C289A53E100A1C4EB /* SwiftyJSON in Frameworks */ = {isa = PBXBuildFile; productRef = 81999E3B289A53E100A1C4EB /* SwiftyJSON */; };
		81999E3F289A53ED00A1C4EB /* Kingfisher in Frameworks */ = {isa = PBXBuildFile; productRef = 81999E3E289A53ED00A1C4EB /* Kingfisher */; };
		81999E41289A579800A1C4EB /* TmdbInfo.swift in Sources */ = {isa = PBXBuildFile; fileRef = 81999E40289A579800A1C4EB /* TmdbInfo.swift */; };
		81999E45289A8F4800A1C4EB /* Singleton.swift in Sources */ = {isa = PBXBuildFile; fileRef = 81999E44289A8F4800A1C4EB /* Singleton.swift */; };
		81A05AF828A68CD400985C3E /* APIManager.swift in Sources */ = {isa = PBXBuildFile; fileRef = 81A05AF728A68CD400985C3E /* APIManager.swift */; };
		81AD583228A3890A0096AC54 /* MovieListToJason.swift in Sources */ = {isa = PBXBuildFile; fileRef = 81AD583128A3890A0096AC54 /* MovieListToJason.swift */; };
		81B5FEB428A22E1F00E4AE48 /* MovieCardView.swift in Sources */ = {isa = PBXBuildFile; fileRef = 81B5FEB328A22E1F00E4AE48 /* MovieCardView.swift */; };
		81B5FEB628A22F6A00E4AE48 /* MovieCard.storyboard in Resources */ = {isa = PBXBuildFile; fileRef = 81B5FEB528A22F6A00E4AE48 /* MovieCard.storyboard */; };
		81B5FEB928A2310A00E4AE48 /* MovieCardCollectionViewCell.swift in Sources */ = {isa = PBXBuildFile; fileRef = 81B5FEB728A2310A00E4AE48 /* MovieCardCollectionViewCell.swift */; };
		81B5FEBA28A2310A00E4AE48 /* MovieCardCollectionViewCell.xib in Resources */ = {isa = PBXBuildFile; fileRef = 81B5FEB828A2310A00E4AE48 /* MovieCardCollectionViewCell.xib */; };
		81B5FEBC28A2332200E4AE48 /* MovieCardTableViewCell.swift in Sources */ = {isa = PBXBuildFile; fileRef = 81B5FEBB28A2332200E4AE48 /* MovieCardTableViewCell.swift */; };
		81B5FEBF28A2359400E4AE48 /* MovieCardViewController.swift in Sources */ = {isa = PBXBuildFile; fileRef = 81B5FEBE28A2359400E4AE48 /* MovieCardViewController.swift */; };
		81BEFF9E2899F6B600CE5B79 /* AppDelegate.swift in Sources */ = {isa = PBXBuildFile; fileRef = 81BEFF9D2899F6B600CE5B79 /* AppDelegate.swift */; };
		81BEFFA02899F6B600CE5B79 /* SceneDelegate.swift in Sources */ = {isa = PBXBuildFile; fileRef = 81BEFF9F2899F6B600CE5B79 /* SceneDelegate.swift */; };
		81BEFFA22899F6B600CE5B79 /* ViewController.swift in Sources */ = {isa = PBXBuildFile; fileRef = 81BEFFA12899F6B600CE5B79 /* ViewController.swift */; };
		81BEFFA52899F6B600CE5B79 /* Main.storyboard in Resources */ = {isa = PBXBuildFile; fileRef = 81BEFFA32899F6B600CE5B79 /* Main.storyboard */; };
		81BEFFA72899F6B600CE5B79 /* Assets.xcassets in Resources */ = {isa = PBXBuildFile; fileRef = 81BEFFA62899F6B600CE5B79 /* Assets.xcassets */; };
		81BEFFAA2899F6B600CE5B79 /* LaunchScreen.storyboard in Resources */ = {isa = PBXBuildFile; fileRef = 81BEFFA82899F6B600CE5B79 /* LaunchScreen.storyboard */; };
		81BEFFB22899F7D300CE5B79 /* .gitignore in Resources */ = {isa = PBXBuildFile; fileRef = 81BEFFB12899F7D300CE5B79 /* .gitignore */; };
		81BEFFB42899F82400CE5B79 /* SearchViewController.swift in Sources */ = {isa = PBXBuildFile; fileRef = 81BEFFB32899F82400CE5B79 /* SearchViewController.swift */; };
		81BEFFB62899F88E00CE5B79 /* APIKey.swift in Sources */ = {isa = PBXBuildFile; fileRef = 81BEFFB52899F88E00CE5B79 /* APIKey.swift */; };
		81BEFFB82899F9BB00CE5B79 /* Constant.swift in Sources */ = {isa = PBXBuildFile; fileRef = 81BEFFB72899F9BB00CE5B79 /* Constant.swift */; };
		81BEFFBE2899FABC00CE5B79 /* Example2.swift in Sources */ = {isa = PBXBuildFile; fileRef = 81BEFFBD2899FABC00CE5B79 /* Example2.swift */; };
/* End PBXBuildFile section */

/* Begin PBXContainerItemProxy section */
		81933EC528AB6473001C0C48 /* PBXContainerItemProxy */ = {
			isa = PBXContainerItemProxy;
			containerPortal = 81933EC028AB6473001C0C48 /* TmdbFrameWork.xcodeproj */;
			proxyType = 2;
			remoteGlobalIDString = 81933E9A28AB5D05001C0C48;
			remoteInfo = TmdbFrameWork;
		};
		81933EC728AB6473001C0C48 /* PBXContainerItemProxy */ = {
			isa = PBXContainerItemProxy;
			containerPortal = 81933EC028AB6473001C0C48 /* TmdbFrameWork.xcodeproj */;
			proxyType = 2;
			remoteGlobalIDString = 81933EA428AB5D05001C0C48;
			remoteInfo = TmdbFrameWorkTests;
		};
/* End PBXContainerItemProxy section */

/* Begin PBXCopyFilesBuildPhase section */
		81933ECC28AB648A001C0C48 /* Embed Frameworks */ = {
			isa = PBXCopyFilesBuildPhase;
			buildActionMask = 2147483647;
			dstPath = "";
			dstSubfolderSpec = 10;
			files = (
				81933ECB28AB648A001C0C48 /* TmdbFrameWork.framework in Embed Frameworks */,
			);
			name = "Embed Frameworks";
			runOnlyForDeploymentPostprocessing = 0;
		};
/* End PBXCopyFilesBuildPhase section */

/* Begin PBXFileReference section */
		810B29D628A22B7D00E6FFE8 /* MovieCardView.xib */ = {isa = PBXFileReference; lastKnownFileType = file.xib; path = MovieCardView.xib; sourceTree = "<group>"; };
		812EC5C128A679AD0064A3DB /* SearchNameViewController.swift */ = {isa = PBXFileReference; lastKnownFileType = sourcecode.swift; path = SearchNameViewController.swift; sourceTree = "<group>"; };
		813B797D289CECF300AC6BAD /* WebViewController.swift */ = {isa = PBXFileReference; lastKnownFileType = sourcecode.swift; path = WebViewController.swift; sourceTree = "<group>"; };
		813B797F289CED0900AC6BAD /* WebView.storyboard */ = {isa = PBXFileReference; lastKnownFileType = file.storyboard; path = WebView.storyboard; sourceTree = "<group>"; };
		81933EC028AB6473001C0C48 /* TmdbFrameWork.xcodeproj */ = {isa = PBXFileReference; lastKnownFileType = "wrapper.pb-project"; name = TmdbFrameWork.xcodeproj; path = ../TmdbFrameWork/TmdbFrameWork.xcodeproj; sourceTree = "<group>"; };
		81933ED628AB6D64001C0C48 /* Intro.storyboard */ = {isa = PBXFileReference; lastKnownFileType = file.storyboard; path = Intro.storyboard; sourceTree = "<group>"; };
		81933ED928AB6DDC001C0C48 /* IntroViewController.swift */ = {isa = PBXFileReference; lastKnownFileType = sourcecode.swift; path = IntroViewController.swift; sourceTree = "<group>"; };
		81933EDB28AB6DED001C0C48 /* FirstViewController.swift */ = {isa = PBXFileReference; lastKnownFileType = sourcecode.swift; path = FirstViewController.swift; sourceTree = "<group>"; };
		81933EDD28AB6DF5001C0C48 /* SecondViewController.swift */ = {isa = PBXFileReference; lastKnownFileType = sourcecode.swift; path = SecondViewController.swift; sourceTree = "<group>"; };
		81933EDF28AB6DFE001C0C48 /* ThirdViewController.swift */ = {isa = PBXFileReference; lastKnownFileType = sourcecode.swift; path = ThirdViewController.swift; sourceTree = "<group>"; };
		8199472728A4CD95001729B9 /* TheaterMap.storyboard */ = {isa = PBXFileReference; lastKnownFileType = file.storyboard; path = TheaterMap.storyboard; sourceTree = "<group>"; };
		8199472928A4CDA5001729B9 /* TheaterMapViewController.swift */ = {isa = PBXFileReference; lastKnownFileType = sourcecode.swift; path = TheaterMapViewController.swift; sourceTree = "<group>"; };
		8199472B28A4CF4A001729B9 /* MapStruct.swift */ = {isa = PBXFileReference; lastKnownFileType = sourcecode.swift; path = MapStruct.swift; sourceTree = "<group>"; };
		8199472D28A51FD3001729B9 /* MapViewController.swift */ = {isa = PBXFileReference; lastKnownFileType = sourcecode.swift; path = MapViewController.swift; sourceTree = "<group>"; };
		81998709289B936E00B01C42 /* CastViewController.swift */ = {isa = PBXFileReference; lastKnownFileType = sourcecode.swift; path = CastViewController.swift; sourceTree = "<group>"; };
		8199870B289B996000B01C42 /* Cast.storyboard */ = {isa = PBXFileReference; lastKnownFileType = file.storyboard; path = Cast.storyboard; sourceTree = "<group>"; };
		8199870D289B9B4F00B01C42 /* CastTableViewCell.swift */ = {isa = PBXFileReference; lastKnownFileType = sourcecode.swift; path = CastTableViewCell.swift; sourceTree = "<group>"; };
		8199870F289BA27100B01C42 /* CastInfo.swift */ = {isa = PBXFileReference; lastKnownFileType = sourcecode.swift; path = CastInfo.swift; sourceTree = "<group>"; };
		81998716289BAEAF00B01C42 /* OverviewTableViewCell.swift */ = {isa = PBXFileReference; lastKnownFileType = sourcecode.swift; path = OverviewTableViewCell.swift; sourceTree = "<group>"; };
		81998717289BAEAF00B01C42 /* OverviewTableViewCell.xib */ = {isa = PBXFileReference; lastKnownFileType = file.xib; path = OverviewTableViewCell.xib; sourceTree = "<group>"; };
		8199871A289BAF9B00B01C42 /* CastMemberTableViewCell.swift */ = {isa = PBXFileReference; lastKnownFileType = sourcecode.swift; path = CastMemberTableViewCell.swift; sourceTree = "<group>"; };
		8199871B289BAF9C00B01C42 /* CastMemberTableViewCell.xib */ = {isa = PBXFileReference; lastKnownFileType = file.xib; path = CastMemberTableViewCell.xib; sourceTree = "<group>"; };
		81999E31289A3FB800A1C4EB /* TmdbCollectionViewCell.swift */ = {isa = PBXFileReference; lastKnownFileType = sourcecode.swift; path = TmdbCollectionViewCell.swift; sourceTree = "<group>"; };
		81999E33289A3FD700A1C4EB /* TmdbViewController.swift */ = {isa = PBXFileReference; lastKnownFileType = sourcecode.swift; path = TmdbViewController.swift; sourceTree = "<group>"; };
		81999E35289A3FDF00A1C4EB /* Tmdb.storyboard */ = {isa = PBXFileReference; lastKnownFileType = file.storyboard; path = Tmdb.storyboard; sourceTree = "<group>"; };
		81999E40289A579800A1C4EB /* TmdbInfo.swift */ = {isa = PBXFileReference; lastKnownFileType = sourcecode.swift; path = TmdbInfo.swift; sourceTree = "<group>"; };
		81999E44289A8F4800A1C4EB /* Singleton.swift */ = {isa = PBXFileReference; lastKnownFileType = sourcecode.swift; path = Singleton.swift; sourceTree = "<group>"; };
		81A05AF728A68CD400985C3E /* APIManager.swift */ = {isa = PBXFileReference; lastKnownFileType = sourcecode.swift; path = APIManager.swift; sourceTree = "<group>"; };
		81AD583128A3890A0096AC54 /* MovieListToJason.swift */ = {isa = PBXFileReference; lastKnownFileType = sourcecode.swift; path = MovieListToJason.swift; sourceTree = "<group>"; };
		81B5FEB328A22E1F00E4AE48 /* MovieCardView.swift */ = {isa = PBXFileReference; lastKnownFileType = sourcecode.swift; path = MovieCardView.swift; sourceTree = "<group>"; };
		81B5FEB528A22F6A00E4AE48 /* MovieCard.storyboard */ = {isa = PBXFileReference; lastKnownFileType = file.storyboard; path = MovieCard.storyboard; sourceTree = "<group>"; };
		81B5FEB728A2310A00E4AE48 /* MovieCardCollectionViewCell.swift */ = {isa = PBXFileReference; lastKnownFileType = sourcecode.swift; path = MovieCardCollectionViewCell.swift; sourceTree = "<group>"; };
		81B5FEB828A2310A00E4AE48 /* MovieCardCollectionViewCell.xib */ = {isa = PBXFileReference; lastKnownFileType = file.xib; path = MovieCardCollectionViewCell.xib; sourceTree = "<group>"; };
		81B5FEBB28A2332200E4AE48 /* MovieCardTableViewCell.swift */ = {isa = PBXFileReference; lastKnownFileType = sourcecode.swift; path = MovieCardTableViewCell.swift; sourceTree = "<group>"; };
		81B5FEBE28A2359400E4AE48 /* MovieCardViewController.swift */ = {isa = PBXFileReference; lastKnownFileType = sourcecode.swift; path = MovieCardViewController.swift; sourceTree = "<group>"; };
		81BEFF9A2899F6B600CE5B79 /* SeSACTMDBProject.app */ = {isa = PBXFileReference; explicitFileType = wrapper.application; includeInIndex = 0; path = SeSACTMDBProject.app; sourceTree = BUILT_PRODUCTS_DIR; };
		81BEFF9D2899F6B600CE5B79 /* AppDelegate.swift */ = {isa = PBXFileReference; lastKnownFileType = sourcecode.swift; path = AppDelegate.swift; sourceTree = "<group>"; };
		81BEFF9F2899F6B600CE5B79 /* SceneDelegate.swift */ = {isa = PBXFileReference; lastKnownFileType = sourcecode.swift; path = SceneDelegate.swift; sourceTree = "<group>"; };
		81BEFFA12899F6B600CE5B79 /* ViewController.swift */ = {isa = PBXFileReference; lastKnownFileType = sourcecode.swift; path = ViewController.swift; sourceTree = "<group>"; };
		81BEFFA42899F6B600CE5B79 /* Base */ = {isa = PBXFileReference; lastKnownFileType = file.storyboard; name = Base; path = Base.lproj/Main.storyboard; sourceTree = "<group>"; };
		81BEFFA62899F6B600CE5B79 /* Assets.xcassets */ = {isa = PBXFileReference; lastKnownFileType = folder.assetcatalog; path = Assets.xcassets; sourceTree = "<group>"; };
		81BEFFA92899F6B600CE5B79 /* Base */ = {isa = PBXFileReference; lastKnownFileType = file.storyboard; name = Base; path = Base.lproj/LaunchScreen.storyboard; sourceTree = "<group>"; };
		81BEFFAB2899F6B600CE5B79 /* Info.plist */ = {isa = PBXFileReference; lastKnownFileType = text.plist.xml; path = Info.plist; sourceTree = "<group>"; };
		81BEFFB12899F7D300CE5B79 /* .gitignore */ = {isa = PBXFileReference; lastKnownFileType = text; path = .gitignore; sourceTree = "<group>"; };
		81BEFFB32899F82400CE5B79 /* SearchViewController.swift */ = {isa = PBXFileReference; lastKnownFileType = sourcecode.swift; path = SearchViewController.swift; sourceTree = "<group>"; };
		81BEFFB52899F88E00CE5B79 /* APIKey.swift */ = {isa = PBXFileReference; lastKnownFileType = sourcecode.swift; name = APIKey.swift; path = SeSACTMDBProject/Resource/APIKey.swift; sourceTree = SOURCE_ROOT; };
		81BEFFB72899F9BB00CE5B79 /* Constant.swift */ = {isa = PBXFileReference; lastKnownFileType = sourcecode.swift; path = Constant.swift; sourceTree = SOURCE_ROOT; };
		81BEFFBD2899FABC00CE5B79 /* Example2.swift */ = {isa = PBXFileReference; lastKnownFileType = sourcecode.swift; path = Example2.swift; sourceTree = "<group>"; };
/* End PBXFileReference section */

/* Begin PBXFrameworksBuildPhase section */
		81BEFF972899F6B600CE5B79 /* Frameworks */ = {
			isa = PBXFrameworksBuildPhase;
			buildActionMask = 2147483647;
			files = (
				81998713289BA2AF00B01C42 /* JGProgressHUD in Frameworks */,
				81999E3F289A53ED00A1C4EB /* Kingfisher in Frameworks */,
				81999E3C289A53E100A1C4EB /* SwiftyJSON in Frameworks */,
				81999E39289A53CE00A1C4EB /* Alamofire in Frameworks */,
				81933ECA28AB648A001C0C48 /* TmdbFrameWork.framework in Frameworks */,
			);
			runOnlyForDeploymentPostprocessing = 0;
		};
/* End PBXFrameworksBuildPhase section */

/* Begin PBXGroup section */
		810B29D528A22AC800E6FFE8 /* NeflixVersion */ = {
			isa = PBXGroup;
			children = (
				81B5FEBB28A2332200E4AE48 /* MovieCardTableViewCell.swift */,
				81B5FEB728A2310A00E4AE48 /* MovieCardCollectionViewCell.swift */,
				81B5FEB828A2310A00E4AE48 /* MovieCardCollectionViewCell.xib */,
				81B5FEB328A22E1F00E4AE48 /* MovieCardView.swift */,
				810B29D628A22B7D00E6FFE8 /* MovieCardView.xib */,
			);
			path = NeflixVersion;
			sourceTree = "<group>";
		};
		812EC5AF28A66A930064A3DB /* Search */ = {
			isa = PBXGroup;
			children = (
				812EC5C128A679AD0064A3DB /* SearchNameViewController.swift */,
			);
			path = Search;
			sourceTree = "<group>";
		};
		813B797C289CECCA00AC6BAD /* WebView */ = {
			isa = PBXGroup;
			children = (
				813B797D289CECF300AC6BAD /* WebViewController.swift */,
				813B797F289CED0900AC6BAD /* WebView.storyboard */,
			);
			path = WebView;
			sourceTree = "<group>";
		};
		81933EC128AB6473001C0C48 /* Products */ = {
			isa = PBXGroup;
			children = (
				81933EC628AB6473001C0C48 /* TmdbFrameWork.framework */,
				81933EC828AB6473001C0C48 /* TmdbFrameWorkTests.xctest */,
			);
			name = Products;
			sourceTree = "<group>";
		};
		81933EC928AB648A001C0C48 /* Frameworks */ = {
			isa = PBXGroup;
			children = (
			);
			name = Frameworks;
			sourceTree = "<group>";
		};
		81933ED528AB6C93001C0C48 /* Intro */ = {
			isa = PBXGroup;
			children = (
				81933ED928AB6DDC001C0C48 /* IntroViewController.swift */,
				81933EDB28AB6DED001C0C48 /* FirstViewController.swift */,
				81933EDD28AB6DF5001C0C48 /* SecondViewController.swift */,
				81933EDF28AB6DFE001C0C48 /* ThirdViewController.swift */,
				81933ED628AB6D64001C0C48 /* Intro.storyboard */,
			);
			path = Intro;
			sourceTree = "<group>";
		};
		8199472628A4CD6B001729B9 /* Map */ = {
			isa = PBXGroup;
			children = (
				8199472928A4CDA5001729B9 /* TheaterMapViewController.swift */,
				8199472728A4CD95001729B9 /* TheaterMap.storyboard */,
				8199472B28A4CF4A001729B9 /* MapStruct.swift */,
				8199472D28A51FD3001729B9 /* MapViewController.swift */,
			);
			path = Map;
			sourceTree = "<group>";
		};
		81998706289B933B00B01C42 /* Cast */ = {
			isa = PBXGroup;
			children = (
				81998709289B936E00B01C42 /* CastViewController.swift */,
				8199870D289B9B4F00B01C42 /* CastTableViewCell.swift */,
				8199870F289BA27100B01C42 /* CastInfo.swift */,
				8199870B289B996000B01C42 /* Cast.storyboard */,
				8199871A289BAF9B00B01C42 /* CastMemberTableViewCell.swift */,
				8199871B289BAF9C00B01C42 /* CastMemberTableViewCell.xib */,
				81998716289BAEAF00B01C42 /* OverviewTableViewCell.swift */,
				81998717289BAEAF00B01C42 /* OverviewTableViewCell.xib */,
			);
			path = Cast;
			sourceTree = "<group>";
		};
		81999E30289A3FA000A1C4EB /* TMDB */ = {
			isa = PBXGroup;
			children = (
				81999E33289A3FD700A1C4EB /* TmdbViewController.swift */,
				81999E31289A3FB800A1C4EB /* TmdbCollectionViewCell.swift */,
				81999E44289A8F4800A1C4EB /* Singleton.swift */,
				81999E40289A579800A1C4EB /* TmdbInfo.swift */,
				81999E35289A3FDF00A1C4EB /* Tmdb.storyboard */,
				81998706289B933B00B01C42 /* Cast */,
			);
			path = TMDB;
			sourceTree = "<group>";
		};
		81A05AF628A68CBB00985C3E /* APIManager */ = {
			isa = PBXGroup;
			children = (
				81A05AF728A68CD400985C3E /* APIManager.swift */,
			);
			path = APIManager;
			sourceTree = "<group>";
		};
		81B5FEBD28A2355C00E4AE48 /* NeflixVersion Network */ = {
			isa = PBXGroup;
			children = (
				81B5FEB528A22F6A00E4AE48 /* MovieCard.storyboard */,
				81B5FEBE28A2359400E4AE48 /* MovieCardViewController.swift */,
			);
			path = "NeflixVersion Network";
			sourceTree = "<group>";
		};
		81BEFF912899F6B600CE5B79 = {
			isa = PBXGroup;
			children = (
				81933EC028AB6473001C0C48 /* TmdbFrameWork.xcodeproj */,
				81BEFFB12899F7D300CE5B79 /* .gitignore */,
				81BEFF9C2899F6B600CE5B79 /* SeSACTMDBProject */,
				81BEFF9B2899F6B600CE5B79 /* Products */,
				81933EC928AB648A001C0C48 /* Frameworks */,
			);
			sourceTree = "<group>";
		};
		81BEFF9B2899F6B600CE5B79 /* Products */ = {
			isa = PBXGroup;
			children = (
				81BEFF9A2899F6B600CE5B79 /* SeSACTMDBProject.app */,
			);
			name = Products;
			sourceTree = "<group>";
		};
		81BEFF9C2899F6B600CE5B79 /* SeSACTMDBProject */ = {
			isa = PBXGroup;
			children = (
				81933ED528AB6C93001C0C48 /* Intro */,
				81A05AF628A68CBB00985C3E /* APIManager */,
				812EC5AF28A66A930064A3DB /* Search */,
				8199472628A4CD6B001729B9 /* Map */,
				81B5FEBD28A2355C00E4AE48 /* NeflixVersion Network */,
				810B29D528A22AC800E6FFE8 /* NeflixVersion */,
				813B797C289CECCA00AC6BAD /* WebView */,
				81999E30289A3FA000A1C4EB /* TMDB */,
				81BEFFBA2899FA8900CE5B79 /* Key */,
				81BEFFB92899FA1400CE5B79 /* Resource */,
				81BEFFB72899F9BB00CE5B79 /* Constant.swift */,
				81AD583128A3890A0096AC54 /* MovieListToJason.swift */,
				81BEFF9D2899F6B600CE5B79 /* AppDelegate.swift */,
				81BEFF9F2899F6B600CE5B79 /* SceneDelegate.swift */,
				81BEFFA12899F6B600CE5B79 /* ViewController.swift */,
				81BEFFB32899F82400CE5B79 /* SearchViewController.swift */,
				81BEFFA32899F6B600CE5B79 /* Main.storyboard */,
				81BEFFA62899F6B600CE5B79 /* Assets.xcassets */,
				81BEFFA82899F6B600CE5B79 /* LaunchScreen.storyboard */,
				81BEFFAB2899F6B600CE5B79 /* Info.plist */,
			);
			path = SeSACTMDBProject;
			sourceTree = "<group>";
		};
		81BEFFB92899FA1400CE5B79 /* Resource */ = {
			isa = PBXGroup;
			children = (
				81BEFFB52899F88E00CE5B79 /* APIKey.swift */,
			);
			path = Resource;
			sourceTree = "<group>";
		};
		81BEFFBA2899FA8900CE5B79 /* Key */ = {
			isa = PBXGroup;
			children = (
				81BEFFBD2899FABC00CE5B79 /* Example2.swift */,
			);
			path = Key;
			sourceTree = "<group>";
		};
/* End PBXGroup section */

/* Begin PBXNativeTarget section */
		81BEFF992899F6B600CE5B79 /* SeSACTMDBProject */ = {
			isa = PBXNativeTarget;
			buildConfigurationList = 81BEFFAE2899F6B600CE5B79 /* Build configuration list for PBXNativeTarget "SeSACTMDBProject" */;
			buildPhases = (
				81BEFF962899F6B600CE5B79 /* Sources */,
				81BEFF972899F6B600CE5B79 /* Frameworks */,
				81BEFF982899F6B600CE5B79 /* Resources */,
				81933ECC28AB648A001C0C48 /* Embed Frameworks */,
			);
			buildRules = (
			);
			dependencies = (
			);
			name = SeSACTMDBProject;
			packageProductDependencies = (
				81999E38289A53CE00A1C4EB /* Alamofire */,
				81999E3B289A53E100A1C4EB /* SwiftyJSON */,
				81999E3E289A53ED00A1C4EB /* Kingfisher */,
				81998712289BA2AF00B01C42 /* JGProgressHUD */,
			);
			productName = SeSACTMDBProject;
			productReference = 81BEFF9A2899F6B600CE5B79 /* SeSACTMDBProject.app */;
			productType = "com.apple.product-type.application";
		};
/* End PBXNativeTarget section */

/* Begin PBXProject section */
		81BEFF922899F6B600CE5B79 /* Project object */ = {
			isa = PBXProject;
			attributes = {
				BuildIndependentTargetsInParallel = 1;
				LastSwiftUpdateCheck = 1340;
				LastUpgradeCheck = 1340;
				TargetAttributes = {
					81BEFF992899F6B600CE5B79 = {
						CreatedOnToolsVersion = 13.4.1;
					};
				};
			};
			buildConfigurationList = 81BEFF952899F6B600CE5B79 /* Build configuration list for PBXProject "SeSACTMDBProject" */;
			compatibilityVersion = "Xcode 13.0";
			developmentRegion = en;
			hasScannedForEncodings = 0;
			knownRegions = (
				en,
				Base,
			);
			mainGroup = 81BEFF912899F6B600CE5B79;
			packageReferences = (
				81999E37289A53CE00A1C4EB /* XCRemoteSwiftPackageReference "Alamofire" */,
				81999E3A289A53E100A1C4EB /* XCRemoteSwiftPackageReference "SwiftyJSON" */,
				81999E3D289A53ED00A1C4EB /* XCRemoteSwiftPackageReference "Kingfisher" */,
				81998711289BA2AF00B01C42 /* XCRemoteSwiftPackageReference "JGProgressHUD" */,
			);
			productRefGroup = 81BEFF9B2899F6B600CE5B79 /* Products */;
			projectDirPath = "";
			projectReferences = (
				{
					ProductGroup = 81933EC128AB6473001C0C48 /* Products */;
					ProjectRef = 81933EC028AB6473001C0C48 /* TmdbFrameWork.xcodeproj */;
				},
			);
			projectRoot = "";
			targets = (
				81BEFF992899F6B600CE5B79 /* SeSACTMDBProject */,
			);
		};
/* End PBXProject section */

/* Begin PBXReferenceProxy section */
		81933EC628AB6473001C0C48 /* TmdbFrameWork.framework */ = {
			isa = PBXReferenceProxy;
			fileType = wrapper.framework;
			path = TmdbFrameWork.framework;
			remoteRef = 81933EC528AB6473001C0C48 /* PBXContainerItemProxy */;
			sourceTree = BUILT_PRODUCTS_DIR;
		};
		81933EC828AB6473001C0C48 /* TmdbFrameWorkTests.xctest */ = {
			isa = PBXReferenceProxy;
			fileType = wrapper.cfbundle;
			path = TmdbFrameWorkTests.xctest;
			remoteRef = 81933EC728AB6473001C0C48 /* PBXContainerItemProxy */;
			sourceTree = BUILT_PRODUCTS_DIR;
		};
/* End PBXReferenceProxy section */

/* Begin PBXResourcesBuildPhase section */
		81BEFF982899F6B600CE5B79 /* Resources */ = {
			isa = PBXResourcesBuildPhase;
			buildActionMask = 2147483647;
			files = (
				81BEFFB22899F7D300CE5B79 /* .gitignore in Resources */,
				81BEFFAA2899F6B600CE5B79 /* LaunchScreen.storyboard in Resources */,
				8199871D289BAF9C00B01C42 /* CastMemberTableViewCell.xib in Resources */,
				81B5FEB628A22F6A00E4AE48 /* MovieCard.storyboard in Resources */,
				81BEFFA72899F6B600CE5B79 /* Assets.xcassets in Resources */,
				81933ED728AB6D64001C0C48 /* Intro.storyboard in Resources */,
				8199472828A4CD95001729B9 /* TheaterMap.storyboard in Resources */,
				81B5FEBA28A2310A00E4AE48 /* MovieCardCollectionViewCell.xib in Resources */,
				8199870C289B996000B01C42 /* Cast.storyboard in Resources */,
				81998719289BAEAF00B01C42 /* OverviewTableViewCell.xib in Resources */,
				81999E36289A3FDF00A1C4EB /* Tmdb.storyboard in Resources */,
				810B29D728A22B7D00E6FFE8 /* MovieCardView.xib in Resources */,
				813B7980289CED0900AC6BAD /* WebView.storyboard in Resources */,
				81BEFFA52899F6B600CE5B79 /* Main.storyboard in Resources */,
			);
			runOnlyForDeploymentPostprocessing = 0;
		};
/* End PBXResourcesBuildPhase section */

/* Begin PBXSourcesBuildPhase section */
		81BEFF962899F6B600CE5B79 /* Sources */ = {
			isa = PBXSourcesBuildPhase;
			buildActionMask = 2147483647;
			files = (
				81933EE028AB6DFE001C0C48 /* ThirdViewController.swift in Sources */,
				81998710289BA27100B01C42 /* CastInfo.swift in Sources */,
				812EC5C228A679AD0064A3DB /* SearchNameViewController.swift in Sources */,
				81BEFFA22899F6B600CE5B79 /* ViewController.swift in Sources */,
				81A05AF828A68CD400985C3E /* APIManager.swift in Sources */,
				81999E34289A3FD700A1C4EB /* TmdbViewController.swift in Sources */,
				81BEFF9E2899F6B600CE5B79 /* AppDelegate.swift in Sources */,
				81B5FEB928A2310A00E4AE48 /* MovieCardCollectionViewCell.swift in Sources */,
				8199472C28A4CF4A001729B9 /* MapStruct.swift in Sources */,
				81B5FEBF28A2359400E4AE48 /* MovieCardViewController.swift in Sources */,
				81998718289BAEAF00B01C42 /* OverviewTableViewCell.swift in Sources */,
				81933EDC28AB6DED001C0C48 /* FirstViewController.swift in Sources */,
				8199472E28A51FD3001729B9 /* MapViewController.swift in Sources */,
				81BEFFB42899F82400CE5B79 /* SearchViewController.swift in Sources */,
				81BEFFA02899F6B600CE5B79 /* SceneDelegate.swift in Sources */,
				81AD583228A3890A0096AC54 /* MovieListToJason.swift in Sources */,
				8199870A289B936E00B01C42 /* CastViewController.swift in Sources */,
				81BEFFB62899F88E00CE5B79 /* APIKey.swift in Sources */,
				8199870E289B9B4F00B01C42 /* CastTableViewCell.swift in Sources */,
				81933EDE28AB6DF5001C0C48 /* SecondViewController.swift in Sources */,
				81999E45289A8F4800A1C4EB /* Singleton.swift in Sources */,
				81999E41289A579800A1C4EB /* TmdbInfo.swift in Sources */,
				8199472A28A4CDA5001729B9 /* TheaterMapViewController.swift in Sources */,
				813B797E289CECF300AC6BAD /* WebViewController.swift in Sources */,
				81B5FEB428A22E1F00E4AE48 /* MovieCardView.swift in Sources */,
				81BEFFB82899F9BB00CE5B79 /* Constant.swift in Sources */,
				81933EDA28AB6DDC001C0C48 /* IntroViewController.swift in Sources */,
				81B5FEBC28A2332200E4AE48 /* MovieCardTableViewCell.swift in Sources */,
				81BEFFBE2899FABC00CE5B79 /* Example2.swift in Sources */,
				8199871C289BAF9C00B01C42 /* CastMemberTableViewCell.swift in Sources */,
				81999E32289A3FB800A1C4EB /* TmdbCollectionViewCell.swift in Sources */,
			);
			runOnlyForDeploymentPostprocessing = 0;
		};
/* End PBXSourcesBuildPhase section */

/* Begin PBXVariantGroup section */
		81BEFFA32899F6B600CE5B79 /* Main.storyboard */ = {
			isa = PBXVariantGroup;
			children = (
				81BEFFA42899F6B600CE5B79 /* Base */,
			);
			name = Main.storyboard;
			sourceTree = "<group>";
		};
		81BEFFA82899F6B600CE5B79 /* LaunchScreen.storyboard */ = {
			isa = PBXVariantGroup;
			children = (
				81BEFFA92899F6B600CE5B79 /* Base */,
			);
			name = LaunchScreen.storyboard;
			sourceTree = "<group>";
		};
/* End PBXVariantGroup section */

/* Begin XCBuildConfiguration section */
		81BEFFAC2899F6B600CE5B79 /* Debug */ = {
			isa = XCBuildConfiguration;
			buildSettings = {
				ALWAYS_SEARCH_USER_PATHS = NO;
				CLANG_ANALYZER_NONNULL = YES;
				CLANG_ANALYZER_NUMBER_OBJECT_CONVERSION = YES_AGGRESSIVE;
				CLANG_CXX_LANGUAGE_STANDARD = "gnu++17";
				CLANG_ENABLE_MODULES = YES;
				CLANG_ENABLE_OBJC_ARC = YES;
				CLANG_ENABLE_OBJC_WEAK = YES;
				CLANG_WARN_BLOCK_CAPTURE_AUTORELEASING = YES;
				CLANG_WARN_BOOL_CONVERSION = YES;
				CLANG_WARN_COMMA = YES;
				CLANG_WARN_CONSTANT_CONVERSION = YES;
				CLANG_WARN_DEPRECATED_OBJC_IMPLEMENTATIONS = YES;
				CLANG_WARN_DIRECT_OBJC_ISA_USAGE = YES_ERROR;
				CLANG_WARN_DOCUMENTATION_COMMENTS = YES;
				CLANG_WARN_EMPTY_BODY = YES;
				CLANG_WARN_ENUM_CONVERSION = YES;
				CLANG_WARN_INFINITE_RECURSION = YES;
				CLANG_WARN_INT_CONVERSION = YES;
				CLANG_WARN_NON_LITERAL_NULL_CONVERSION = YES;
				CLANG_WARN_OBJC_IMPLICIT_RETAIN_SELF = YES;
				CLANG_WARN_OBJC_LITERAL_CONVERSION = YES;
				CLANG_WARN_OBJC_ROOT_CLASS = YES_ERROR;
				CLANG_WARN_QUOTED_INCLUDE_IN_FRAMEWORK_HEADER = YES;
				CLANG_WARN_RANGE_LOOP_ANALYSIS = YES;
				CLANG_WARN_STRICT_PROTOTYPES = YES;
				CLANG_WARN_SUSPICIOUS_MOVE = YES;
				CLANG_WARN_UNGUARDED_AVAILABILITY = YES_AGGRESSIVE;
				CLANG_WARN_UNREACHABLE_CODE = YES;
				CLANG_WARN__DUPLICATE_METHOD_MATCH = YES;
				COPY_PHASE_STRIP = NO;
				DEBUG_INFORMATION_FORMAT = dwarf;
				ENABLE_STRICT_OBJC_MSGSEND = YES;
				ENABLE_TESTABILITY = YES;
				GCC_C_LANGUAGE_STANDARD = gnu11;
				GCC_DYNAMIC_NO_PIC = NO;
				GCC_NO_COMMON_BLOCKS = YES;
				GCC_OPTIMIZATION_LEVEL = 0;
				GCC_PREPROCESSOR_DEFINITIONS = (
					"DEBUG=1",
					"$(inherited)",
				);
				GCC_WARN_64_TO_32_BIT_CONVERSION = YES;
				GCC_WARN_ABOUT_RETURN_TYPE = YES_ERROR;
				GCC_WARN_UNDECLARED_SELECTOR = YES;
				GCC_WARN_UNINITIALIZED_AUTOS = YES_AGGRESSIVE;
				GCC_WARN_UNUSED_FUNCTION = YES;
				GCC_WARN_UNUSED_VARIABLE = YES;
				IPHONEOS_DEPLOYMENT_TARGET = 15.5;
				MTL_ENABLE_DEBUG_INFO = INCLUDE_SOURCE;
				MTL_FAST_MATH = YES;
				ONLY_ACTIVE_ARCH = YES;
				SDKROOT = iphoneos;
				SWIFT_ACTIVE_COMPILATION_CONDITIONS = DEBUG;
				SWIFT_OPTIMIZATION_LEVEL = "-Onone";
			};
			name = Debug;
		};
		81BEFFAD2899F6B600CE5B79 /* Release */ = {
			isa = XCBuildConfiguration;
			buildSettings = {
				ALWAYS_SEARCH_USER_PATHS = NO;
				CLANG_ANALYZER_NONNULL = YES;
				CLANG_ANALYZER_NUMBER_OBJECT_CONVERSION = YES_AGGRESSIVE;
				CLANG_CXX_LANGUAGE_STANDARD = "gnu++17";
				CLANG_ENABLE_MODULES = YES;
				CLANG_ENABLE_OBJC_ARC = YES;
				CLANG_ENABLE_OBJC_WEAK = YES;
				CLANG_WARN_BLOCK_CAPTURE_AUTORELEASING = YES;
				CLANG_WARN_BOOL_CONVERSION = YES;
				CLANG_WARN_COMMA = YES;
				CLANG_WARN_CONSTANT_CONVERSION = YES;
				CLANG_WARN_DEPRECATED_OBJC_IMPLEMENTATIONS = YES;
				CLANG_WARN_DIRECT_OBJC_ISA_USAGE = YES_ERROR;
				CLANG_WARN_DOCUMENTATION_COMMENTS = YES;
				CLANG_WARN_EMPTY_BODY = YES;
				CLANG_WARN_ENUM_CONVERSION = YES;
				CLANG_WARN_INFINITE_RECURSION = YES;
				CLANG_WARN_INT_CONVERSION = YES;
				CLANG_WARN_NON_LITERAL_NULL_CONVERSION = YES;
				CLANG_WARN_OBJC_IMPLICIT_RETAIN_SELF = YES;
				CLANG_WARN_OBJC_LITERAL_CONVERSION = YES;
				CLANG_WARN_OBJC_ROOT_CLASS = YES_ERROR;
				CLANG_WARN_QUOTED_INCLUDE_IN_FRAMEWORK_HEADER = YES;
				CLANG_WARN_RANGE_LOOP_ANALYSIS = YES;
				CLANG_WARN_STRICT_PROTOTYPES = YES;
				CLANG_WARN_SUSPICIOUS_MOVE = YES;
				CLANG_WARN_UNGUARDED_AVAILABILITY = YES_AGGRESSIVE;
				CLANG_WARN_UNREACHABLE_CODE = YES;
				CLANG_WARN__DUPLICATE_METHOD_MATCH = YES;
				COPY_PHASE_STRIP = NO;
				DEBUG_INFORMATION_FORMAT = "dwarf-with-dsym";
				ENABLE_NS_ASSERTIONS = NO;
				ENABLE_STRICT_OBJC_MSGSEND = YES;
				GCC_C_LANGUAGE_STANDARD = gnu11;
				GCC_NO_COMMON_BLOCKS = YES;
				GCC_WARN_64_TO_32_BIT_CONVERSION = YES;
				GCC_WARN_ABOUT_RETURN_TYPE = YES_ERROR;
				GCC_WARN_UNDECLARED_SELECTOR = YES;
				GCC_WARN_UNINITIALIZED_AUTOS = YES_AGGRESSIVE;
				GCC_WARN_UNUSED_FUNCTION = YES;
				GCC_WARN_UNUSED_VARIABLE = YES;
				IPHONEOS_DEPLOYMENT_TARGET = 15.5;
				MTL_ENABLE_DEBUG_INFO = NO;
				MTL_FAST_MATH = YES;
				SDKROOT = iphoneos;
				SWIFT_COMPILATION_MODE = wholemodule;
				SWIFT_OPTIMIZATION_LEVEL = "-O";
				VALIDATE_PRODUCT = YES;
			};
			name = Release;
		};
		81BEFFAF2899F6B600CE5B79 /* Debug */ = {
			isa = XCBuildConfiguration;
			buildSettings = {
				ASSETCATALOG_COMPILER_APPICON_NAME = AppIcon;
				ASSETCATALOG_COMPILER_GLOBAL_ACCENT_COLOR_NAME = AccentColor;
				CODE_SIGN_STYLE = Automatic;
				CURRENT_PROJECT_VERSION = 1;
				DEVELOPMENT_TEAM = D6A93QYKAF;
				GENERATE_INFOPLIST_FILE = YES;
				INFOPLIST_FILE = SeSACTMDBProject/Info.plist;
				INFOPLIST_KEY_NSLocationWhenInUseUsageDescription = "사용자의 현재 위치 가반으로 주변의 영화관 위치를 보여주기 위해서 권한이 필요합니다";
				INFOPLIST_KEY_UIApplicationSupportsIndirectInputEvents = YES;
				INFOPLIST_KEY_UILaunchStoryboardName = LaunchScreen;
				INFOPLIST_KEY_UIMainStoryboardFile = Main;
				INFOPLIST_KEY_UISupportedInterfaceOrientations_iPad = "UIInterfaceOrientationPortrait UIInterfaceOrientationPortraitUpsideDown UIInterfaceOrientationLandscapeLeft UIInterfaceOrientationLandscapeRight";
				INFOPLIST_KEY_UISupportedInterfaceOrientations_iPhone = "UIInterfaceOrientationPortrait UIInterfaceOrientationLandscapeLeft UIInterfaceOrientationLandscapeRight";
				LD_RUNPATH_SEARCH_PATHS = (
					"$(inherited)",
					"@executable_path/Frameworks",
				);
				MARKETING_VERSION = 1.0;
				PRODUCT_BUNDLE_IDENTIFIER = com.daniel.SeSACTMDBProject;
				PRODUCT_NAME = "$(TARGET_NAME)";
				SWIFT_EMIT_LOC_STRINGS = YES;
				SWIFT_VERSION = 5.0;
				TARGETED_DEVICE_FAMILY = "1,2";
			};
			name = Debug;
		};
		81BEFFB02899F6B600CE5B79 /* Release */ = {
			isa = XCBuildConfiguration;
			buildSettings = {
				ASSETCATALOG_COMPILER_APPICON_NAME = AppIcon;
				ASSETCATALOG_COMPILER_GLOBAL_ACCENT_COLOR_NAME = AccentColor;
				CODE_SIGN_STYLE = Automatic;
				CURRENT_PROJECT_VERSION = 1;
				DEVELOPMENT_TEAM = D6A93QYKAF;
				GENERATE_INFOPLIST_FILE = YES;
				INFOPLIST_FILE = SeSACTMDBProject/Info.plist;
				INFOPLIST_KEY_NSLocationWhenInUseUsageDescription = "사용자의 현재 위치 가반으로 주변의 영화관 위치를 보여주기 위해서 권한이 필요합니다";
				INFOPLIST_KEY_UIApplicationSupportsIndirectInputEvents = YES;
				INFOPLIST_KEY_UILaunchStoryboardName = LaunchScreen;
				INFOPLIST_KEY_UIMainStoryboardFile = Main;
				INFOPLIST_KEY_UISupportedInterfaceOrientations_iPad = "UIInterfaceOrientationPortrait UIInterfaceOrientationPortraitUpsideDown UIInterfaceOrientationLandscapeLeft UIInterfaceOrientationLandscapeRight";
				INFOPLIST_KEY_UISupportedInterfaceOrientations_iPhone = "UIInterfaceOrientationPortrait UIInterfaceOrientationLandscapeLeft UIInterfaceOrientationLandscapeRight";
				LD_RUNPATH_SEARCH_PATHS = (
					"$(inherited)",
					"@executable_path/Frameworks",
				);
				MARKETING_VERSION = 1.0;
				PRODUCT_BUNDLE_IDENTIFIER = com.daniel.SeSACTMDBProject;
				PRODUCT_NAME = "$(TARGET_NAME)";
				SWIFT_EMIT_LOC_STRINGS = YES;
				SWIFT_VERSION = 5.0;
				TARGETED_DEVICE_FAMILY = "1,2";
			};
			name = Release;
		};
/* End XCBuildConfiguration section */

/* Begin XCConfigurationList section */
		81BEFF952899F6B600CE5B79 /* Build configuration list for PBXProject "SeSACTMDBProject" */ = {
			isa = XCConfigurationList;
			buildConfigurations = (
				81BEFFAC2899F6B600CE5B79 /* Debug */,
				81BEFFAD2899F6B600CE5B79 /* Release */,
			);
			defaultConfigurationIsVisible = 0;
			defaultConfigurationName = Release;
		};
		81BEFFAE2899F6B600CE5B79 /* Build configuration list for PBXNativeTarget "SeSACTMDBProject" */ = {
			isa = XCConfigurationList;
			buildConfigurations = (
				81BEFFAF2899F6B600CE5B79 /* Debug */,
				81BEFFB02899F6B600CE5B79 /* Release */,
			);
			defaultConfigurationIsVisible = 0;
			defaultConfigurationName = Release;
		};
/* End XCConfigurationList section */

/* Begin XCRemoteSwiftPackageReference section */
		81998711289BA2AF00B01C42 /* XCRemoteSwiftPackageReference "JGProgressHUD" */ = {
			isa = XCRemoteSwiftPackageReference;
			repositoryURL = "https://github.com/JonasGessner/JGProgressHUD.git";
			requirement = {
				kind = upToNextMajorVersion;
				minimumVersion = 2.0.0;
			};
		};
		81999E37289A53CE00A1C4EB /* XCRemoteSwiftPackageReference "Alamofire" */ = {
			isa = XCRemoteSwiftPackageReference;
			repositoryURL = "https://github.com/Alamofire/Alamofire";
			requirement = {
				kind = upToNextMajorVersion;
				minimumVersion = 5.0.0;
			};
		};
		81999E3A289A53E100A1C4EB /* XCRemoteSwiftPackageReference "SwiftyJSON" */ = {
			isa = XCRemoteSwiftPackageReference;
			repositoryURL = "https://github.com/SwiftyJSON/SwiftyJSON";
			requirement = {
				kind = upToNextMajorVersion;
				minimumVersion = 5.0.0;
			};
		};
		81999E3D289A53ED00A1C4EB /* XCRemoteSwiftPackageReference "Kingfisher" */ = {
			isa = XCRemoteSwiftPackageReference;
			repositoryURL = "https://github.com/onevcat/Kingfisher.git";
			requirement = {
				branch = master;
				kind = branch;
			};
		};
/* End XCRemoteSwiftPackageReference section */

/* Begin XCSwiftPackageProductDependency section */
		81998712289BA2AF00B01C42 /* JGProgressHUD */ = {
			isa = XCSwiftPackageProductDependency;
			package = 81998711289BA2AF00B01C42 /* XCRemoteSwiftPackageReference "JGProgressHUD" */;
			productName = JGProgressHUD;
		};
		81999E38289A53CE00A1C4EB /* Alamofire */ = {
			isa = XCSwiftPackageProductDependency;
			package = 81999E37289A53CE00A1C4EB /* XCRemoteSwiftPackageReference "Alamofire" */;
			productName = Alamofire;
		};
		81999E3B289A53E100A1C4EB /* SwiftyJSON */ = {
			isa = XCSwiftPackageProductDependency;
			package = 81999E3A289A53E100A1C4EB /* XCRemoteSwiftPackageReference "SwiftyJSON" */;
			productName = SwiftyJSON;
		};
		81999E3E289A53ED00A1C4EB /* Kingfisher */ = {
			isa = XCSwiftPackageProductDependency;
			package = 81999E3D289A53ED00A1C4EB /* XCRemoteSwiftPackageReference "Kingfisher" */;
			productName = Kingfisher;
		};
/* End XCSwiftPackageProductDependency section */
	};
	rootObject = 81BEFF922899F6B600CE5B79 /* Project object */;
}
